
Microsoft Visual Studio Solution File, Format Version 12.00
# Visual Studio 14
VisualStudioVersion = 14.0.25420.1
MinimumVisualStudioVersion = 10.0.40219.1
Project("{8BB2217D-0F2D-49D1-97BC-3654ED321F3B}") = "SchoolsAuditApi", "src\SchoolsAuditApi\SchoolsAuditApi.xproj", "{F6EF3ACE-E8C1-41AC-8F12-90BC27688969}"
EndProject
Project("{8BB2217D-0F2D-49D1-97BC-3654ED321F3B}") = "SchoolsAuditLib", "src\SchoolsAuditLib\SchoolsAuditLib.xproj", "{4A0933A8-2E62-44D7-88EC-C6614810CD2D}"
EndProject
Project("{8BB2217D-0F2D-49D1-97BC-3654ED321F3B}") = "SchoolsAuditIdentityServer", "src\SchoolsAuditIdentityServer\SchoolsAuditIdentityServer.xproj", "{E51F8167-29D1-48B1-90F8-EC7D6EF8FEF6}"
EndProject
Global
	GlobalSection(SolutionConfigurationPlatforms) = preSolution
		Debug|Any CPU = Debug|Any CPU
		Release|Any CPU = Release|Any CPU
	EndGlobalSection
	GlobalSection(ProjectConfigurationPlatforms) = postSolution
		{F6EF3ACE-E8C1-41AC-8F12-90BC27688969}.Debug|Any CPU.ActiveCfg = Debug|Any CPU
		{F6EF3ACE-E8C1-41AC-8F12-90BC27688969}.Debug|Any CPU.Build.0 = Debug|Any CPU
		{F6EF3ACE-E8C1-41AC-8F12-90BC27688969}.Release|Any CPU.ActiveCfg = Release|Any CPU
		{F6EF3ACE-E8C1-41AC-8F12-90BC27688969}.Release|Any CPU.Build.0 = Release|Any CPU
		{4A0933A8-2E62-44D7-88EC-C6614810CD2D}.Debug|Any CPU.ActiveCfg = Debug|Any CPU
		{4A0933A8-2E62-44D7-88EC-C6614810CD2D}.Debug|Any CPU.Build.0 = Debug|Any CPU
		{4A0933A8-2E62-44D7-88EC-C6614810CD2D}.Release|Any CPU.ActiveCfg = Release|Any CPU
		{4A0933A8-2E62-44D7-88EC-C6614810CD2D}.Release|Any CPU.Build.0 = Release|Any CPU
		{E51F8167-29D1-48B1-90F8-EC7D6EF8FEF6}.Debug|Any CPU.ActiveCfg = Debug|Any CPU
		{E51F8167-29D1-48B1-90F8-EC7D6EF8FEF6}.Debug|Any CPU.Build.0 = Debug|Any CPU
		{E51F8167-29D1-48B1-90F8-EC7D6EF8FEF6}.Release|Any CPU.ActiveCfg = Release|Any CPU
		{E51F8167-29D1-48B1-90F8-EC7D6EF8FEF6}.Release|Any CPU.Build.0 = Release|Any CPU
	EndGlobalSection
	GlobalSection(SolutionProperties) = preSolution
		HideSolutionNode = FALSE
	EndGlobalSection
EndGlobal
